PODS:
  - DZNEmptyDataSet (1.8.1)
  - SearchTextField (1.2.0)
  - SQLite.swift (0.11.4):
    - SQLite.swift/standard (= 0.11.4)
  - SQLite.swift/standard (0.11.4)

DEPENDENCIES:
  - DZNEmptyDataSet
  - SearchTextField (from `https://github.com/apasccon/SearchTextField`, commit `97cb555c4721cd80257022637ee255dc812eda3a`)
  - SQLite.swift (~> 0.11.4)

EXTERNAL SOURCES:
  SearchTextField:
    :commit: 97cb555c4721cd80257022637ee255dc812eda3a
    :git: https://github.com/apasccon/SearchTextField

CHECKOUT OPTIONS:
  SearchTextField:
    :commit: 97cb555c4721cd80257022637ee255dc812eda3a
    :git: https://github.com/apasccon/SearchTextField

SPEC CHECKSUMS:
  DZNEmptyDataSet: 9525833b9e68ac21c30253e1d3d7076cc828eaa7
  SearchTextField: d03bf00fa898814a6ef1474250aa8166dc85d0c4
  SQLite.swift: 3e3bee21da701b5b9f87c4a672cb54f233505692

PODFILE CHECKSUM: 61b6ef1194da7b86545f229c6b8abb6a8a3adaec

COCOAPODS: 1.4.0.beta.2
