// !$*UTF8*$!
{
	archiveVersion = 1;
	classes = {
	};
	objectVersion = 48;
	objects = {

/* Begin PBXBuildFile section */
		49D7508004021DB8F5EE2728 /* Pods_pm0.framework in Frameworks */ = {isa = PBXBuildFile; fileRef = EB0285C44E7FBEA9BBB1F248 /* Pods_pm0.framework */; };
		890242E02033941C00B25E99 /* fda_drugs.db in Resources */ = {isa = PBXBuildFile; fileRef = 890242DF2033941C00B25E99 /* fda_drugs.db */; };
		890242E12033951000B25E99 /* fda_drugs.db in Resources */ = {isa = PBXBuildFile; fileRef = 890242DF2033941C00B25E99 /* fda_drugs.db */; };
		8903B5CD205C777A002D6652 /* TestFaxToDS.pdf in Resources */ = {isa = PBXBuildFile; fileRef = 8903B5CC205C7779002D6652 /* TestFaxToDS.pdf */; };
		890422D220604BC000817EC2 /* FaxPNG1.png in Resources */ = {isa = PBXBuildFile; fileRef = 890422D120604BC000817EC2 /* FaxPNG1.png */; };
		890422D42060509200817EC2 /* FaxJPG1.jpg in Resources */ = {isa = PBXBuildFile; fileRef = 890422D32060509200817EC2 /* FaxJPG1.jpg */; };
		890CD2FC206458DE009DF10A /* HelpViewController.swift in Sources */ = {isa = PBXBuildFile; fileRef = 890CD2FB206458DE009DF10A /* HelpViewController.swift */; };
		890CD2FE20658538009DF10A /* RXEntryHelpText.swift in Sources */ = {isa = PBXBuildFile; fileRef = 890CD2FD20658538009DF10A /* RXEntryHelpText.swift */; };
		890CD30020658E35009DF10A /* DoctorListViewController.swift in Sources */ = {isa = PBXBuildFile; fileRef = 890CD2FF20658E35009DF10A /* DoctorListViewController.swift */; };
		890D425A206C16A800C20F82 /* Assets.swift in Sources */ = {isa = PBXBuildFile; fileRef = 890D4259206C16A800C20F82 /* Assets.swift */; };
		894092822051A9C200FA1B9F /* LocalStorage.swift in Sources */ = {isa = PBXBuildFile; fileRef = 894092812051A9C200FA1B9F /* LocalStorage.swift */; };
		894DBC40205040640020353F /* PrescriptionListViewController.storyboard in Resources */ = {isa = PBXBuildFile; fileRef = 894DBC3F205040630020353F /* PrescriptionListViewController.storyboard */; };
		894FEC0620696E8D00E48ECA /* MyDayTableSectionHeaderView.xib in Resources */ = {isa = PBXBuildFile; fileRef = 894FEC0520696E8D00E48ECA /* MyDayTableSectionHeaderView.xib */; };
		894FEC0820697F6A00E48ECA /* PrescriptionDisplayView.xib in Resources */ = {isa = PBXBuildFile; fileRef = 894FEC0720697F6A00E48ECA /* PrescriptionDisplayView.xib */; };
		894FEC0A2069804E00E48ECA /* PrescriptionDisplayView.swift in Sources */ = {isa = PBXBuildFile; fileRef = 894FEC092069804E00E48ECA /* PrescriptionDisplayView.swift */; };
		894FEC0C2069845800E48ECA /* NibLoaderViewExtension.swift in Sources */ = {isa = PBXBuildFile; fileRef = 894FEC0B2069845800E48ECA /* NibLoaderViewExtension.swift */; };
		8951A918205992E50027076E /* Fax.swift in Sources */ = {isa = PBXBuildFile; fileRef = 8951A917205992E50027076E /* Fax.swift */; };
		8951A91B205B01F80027076E /* TestPage1.pdf in Resources */ = {isa = PBXBuildFile; fileRef = 8951A919205B01F70027076E /* TestPage1.pdf */; };
		8951A91C205B01F80027076E /* TestPage2.pdf in Resources */ = {isa = PBXBuildFile; fileRef = 8951A91A205B01F70027076E /* TestPage2.pdf */; };
		8954AC5F204DCE1B00E97305 /* Models.swift in Sources */ = {isa = PBXBuildFile; fileRef = 8954AC5E204DCE1B00E97305 /* Models.swift */; };
		896052BC20470B6400DF502C /* PrescriptionLineEntry.xib in Resources */ = {isa = PBXBuildFile; fileRef = 896052BB20470B6400DF502C /* PrescriptionLineEntry.xib */; };
		896052BE20470D8900DF502C /* PrescriptionLineEntry.swift in Sources */ = {isa = PBXBuildFile; fileRef = 896052BD20470D8900DF502C /* PrescriptionLineEntry.swift */; };
		896052C12047266D00DF502C /* PrescriptionEntryViewController.storyboard in Resources */ = {isa = PBXBuildFile; fileRef = 896052C02047266D00DF502C /* PrescriptionEntryViewController.storyboard */; };
		8964CC632049EDE00028AB21 /* PillDisplayLabel.swift in Sources */ = {isa = PBXBuildFile; fileRef = 8964CC622049EDE00028AB21 /* PillDisplayLabel.swift */; };
		8970790D207E7C4F00A2CC11 /* IfNotNil.swift in Sources */ = {isa = PBXBuildFile; fileRef = 8970790C207E7C4F00A2CC11 /* IfNotNil.swift */; };
		8982757B206A86760058A6E8 /* DoctorEntryViewController.swift in Sources */ = {isa = PBXBuildFile; fileRef = 8982757A206A86760058A6E8 /* DoctorEntryViewController.swift */; };
		898BC93A206139B4006ED4CF /* FaxGeneratedSwagger.swift in Sources */ = {isa = PBXBuildFile; fileRef = 898BC939206139B4006ED4CF /* FaxGeneratedSwagger.swift */; };
		898BC93C206139CA006ED4CF /* FaxHandRolled.swift in Sources */ = {isa = PBXBuildFile; fileRef = 898BC93B206139CA006ED4CF /* FaxHandRolled.swift */; };
		898BC93E206139EB006ED4CF /* PhaxioObjcFaxProvider.swift in Sources */ = {isa = PBXBuildFile; fileRef = 898BC93D206139EB006ED4CF /* PhaxioObjcFaxProvider.swift */; };
		898BC94020614A4A006ED4CF /* InformationRelease.swift in Sources */ = {isa = PBXBuildFile; fileRef = 898BC93F20614A4A006ED4CF /* InformationRelease.swift */; };
		898BC946206196DA006ED4CF /* FaxableDocumentsViewController.swift in Sources */ = {isa = PBXBuildFile; fileRef = 898BC945206196DA006ED4CF /* FaxableDocumentsViewController.swift */; };
		8991A9BA208E4FEA00CCD703 /* SignatureViewController.swift in Sources */ = {isa = PBXBuildFile; fileRef = 8991A9B9208E4FEA00CCD703 /* SignatureViewController.swift */; };
		8991A9BC208E6BE300CCD703 /* NameViewController.swift in Sources */ = {isa = PBXBuildFile; fileRef = 8991A9BB208E6BE300CCD703 /* NameViewController.swift */; };
		89987AB6207542D50057E685 /* FaxPreviewViewController.swift in Sources */ = {isa = PBXBuildFile; fileRef = 89987AB5207542D50057E685 /* FaxPreviewViewController.swift */; };
		89987AB82075453F0057E685 /* PreviewUnavailable.pdf in Resources */ = {isa = PBXBuildFile; fileRef = 89987AB72075453F0057E685 /* PreviewUnavailable.pdf */; };
		89987ABA20754C950057E685 /* SendToViewController.swift in Sources */ = {isa = PBXBuildFile; fileRef = 89987AB920754C950057E685 /* SendToViewController.swift */; };
		89987ABC20754F710057E685 /* RestrictionsViewController.swift in Sources */ = {isa = PBXBuildFile; fileRef = 89987ABB20754F710057E685 /* RestrictionsViewController.swift */; };
		89A1EBBB20168F5D00C00F69 /* PrescriptionEntryViewController.swift in Sources */ = {isa = PBXBuildFile; fileRef = 89A1EBBA20168F5D00C00F69 /* PrescriptionEntryViewController.swift */; };
		89A5168D205879ED0069D9AE /* FaxableDocuments.storyboard in Resources */ = {isa = PBXBuildFile; fileRef = 89A5168C205879ED0069D9AE /* FaxableDocuments.storyboard */; };
		89A5169320587AA90069D9AE /* DoctorList.storyboard in Resources */ = {isa = PBXBuildFile; fileRef = 89A5169220587AA90069D9AE /* DoctorList.storyboard */; };
		89B4E1D1204DE59000A09B27 /* UpcomingDay.storyboard in Resources */ = {isa = PBXBuildFile; fileRef = 89B4E1D0204DE59000A09B27 /* UpcomingDay.storyboard */; };
		89B4E1D3204DEFC200A09B27 /* VLColors.swift in Sources */ = {isa = PBXBuildFile; fileRef = 89B4E1D2204DEFC200A09B27 /* VLColors.swift */; };
		89C66829206D7478004A0731 /* HelpViewController.storyboard in Resources */ = {isa = PBXBuildFile; fileRef = 89C66828206D7478004A0731 /* HelpViewController.storyboard */; };
		89C6682B206D7ED8004A0731 /* VivaButtonA.swift in Sources */ = {isa = PBXBuildFile; fileRef = 89C6682A206D7ED8004A0731 /* VivaButtonA.swift */; };
		89C6682D206D807D004A0731 /* DoctorViewerViewController.swift in Sources */ = {isa = PBXBuildFile; fileRef = 89C6682C206D807D004A0731 /* DoctorViewerViewController.swift */; };
		89D783DA2051ACB5004F6110 /* KeychainAccess.framework in Frameworks */ = {isa = PBXBuildFile; fileRef = 89D783DB2051ACB5004F6110 /* KeychainAccess.framework */; };
		89F3D98F1FF6AC4F0081FA77 /* AppDelegate.swift in Sources */ = {isa = PBXBuildFile; fileRef = 89F3D98E1FF6AC4F0081FA77 /* AppDelegate.swift */; };
		89F3D9911FF6AC4F0081FA77 /* PrescriptionListViewController.swift in Sources */ = {isa = PBXBuildFile; fileRef = 89F3D9901FF6AC4F0081FA77 /* PrescriptionListViewController.swift */; };
		89F3D9931FF6AC4F0081FA77 /* UpcomingDayViewController.swift in Sources */ = {isa = PBXBuildFile; fileRef = 89F3D9921FF6AC4F0081FA77 /* UpcomingDayViewController.swift */; };
		89F3D9961FF6AC4F0081FA77 /* Main.storyboard in Resources */ = {isa = PBXBuildFile; fileRef = 89F3D9941FF6AC4F0081FA77 /* Main.storyboard */; };
		89F3D9981FF6AC4F0081FA77 /* Assets.xcassets in Resources */ = {isa = PBXBuildFile; fileRef = 89F3D9971FF6AC4F0081FA77 /* Assets.xcassets */; };
		89F3D99B1FF6AC4F0081FA77 /* LaunchScreen.storyboard in Resources */ = {isa = PBXBuildFile; fileRef = 89F3D9991FF6AC4F0081FA77 /* LaunchScreen.storyboard */; };
		89F3D9A61FF6AC500081FA77 /* pm0Tests.swift in Sources */ = {isa = PBXBuildFile; fileRef = 89F3D9A51FF6AC500081FA77 /* pm0Tests.swift */; };
		89F4D0572072A3D700CC60E9 /* ScheduleList.swift in Sources */ = {isa = PBXBuildFile; fileRef = 89F4D0562072A3D700CC60E9 /* ScheduleList.swift */; };
		89F4D0592072C7E300CC60E9 /* ScheduleDetailViewController.swift in Sources */ = {isa = PBXBuildFile; fileRef = 89F4D0582072C7E300CC60E9 /* ScheduleDetailViewController.swift */; };
		89F4D05B2072DDC700CC60E9 /* TimeslotEditorViewController.swift in Sources */ = {isa = PBXBuildFile; fileRef = 89F4D05A2072DDC700CC60E9 /* TimeslotEditorViewController.swift */; };
		89F4D05D2073C2D600CC60E9 /* DatePickerViewController.swift in Sources */ = {isa = PBXBuildFile; fileRef = 89F4D05C2073C2D600CC60E9 /* DatePickerViewController.swift */; };
		89F9C44E20323EA50072FF7C /* FDADatabase.swift in Sources */ = {isa = PBXBuildFile; fileRef = 89F9C44D20323EA50072FF7C /* FDADatabase.swift */; };
/* End PBXBuildFile section */

/* Begin PBXContainerItemProxy section */
		89F3D9A21FF6AC500081FA77 /* PBXContainerItemProxy */ = {
			isa = PBXContainerItemProxy;
			containerPortal = 89F3D9831FF6AC4F0081FA77 /* Project object */;
			proxyType = 1;
			remoteGlobalIDString = 89F3D98A1FF6AC4F0081FA77;
			remoteInfo = pm0;
		};
/* End PBXContainerItemProxy section */

/* Begin PBXFileReference section */
		35B9C2C23FA9874E99DB4672 /* Pods-pm0.release.xcconfig */ = {isa = PBXFileReference; includeInIndex = 1; lastKnownFileType = text.xcconfig; name = "Pods-pm0.release.xcconfig"; path = "Pods/Target Support Files/Pods-pm0/Pods-pm0.release.xcconfig"; sourceTree = "<group>"; };
		890242DF2033941C00B25E99 /* fda_drugs.db */ = {isa = PBXFileReference; lastKnownFileType = file; path = fda_drugs.db; sourceTree = "<group>"; };
		8903B5CC205C7779002D6652 /* TestFaxToDS.pdf */ = {isa = PBXFileReference; lastKnownFileType = image.pdf; path = TestFaxToDS.pdf; sourceTree = "<group>"; };
		890422D120604BC000817EC2 /* FaxPNG1.png */ = {isa = PBXFileReference; lastKnownFileType = image.png; path = FaxPNG1.png; sourceTree = "<group>"; };
		890422D32060509200817EC2 /* FaxJPG1.jpg */ = {isa = PBXFileReference; lastKnownFileType = image.jpeg; path = FaxJPG1.jpg; sourceTree = "<group>"; };
		890CD2FB206458DE009DF10A /* HelpViewController.swift */ = {isa = PBXFileReference; lastKnownFileType = sourcecode.swift; path = HelpViewController.swift; sourceTree = "<group>"; };
		890CD2FD20658538009DF10A /* RXEntryHelpText.swift */ = {isa = PBXFileReference; lastKnownFileType = sourcecode.swift; path = RXEntryHelpText.swift; sourceTree = "<group>"; };
		890CD2FF20658E35009DF10A /* DoctorListViewController.swift */ = {isa = PBXFileReference; lastKnownFileType = sourcecode.swift; path = DoctorListViewController.swift; sourceTree = "<group>"; };
		890D4259206C16A800C20F82 /* Assets.swift */ = {isa = PBXFileReference; fileEncoding = 4; lastKnownFileType = sourcecode.swift; path = Assets.swift; sourceTree = "<group>"; };
		894092812051A9C200FA1B9F /* LocalStorage.swift */ = {isa = PBXFileReference; lastKnownFileType = sourcecode.swift; path = LocalStorage.swift; sourceTree = "<group>"; };
		894092852051AAE700FA1B9F /* Keychain.framework */ = {isa = PBXFileReference; explicitFileType = wrapper.framework; path = Keychain.framework; sourceTree = BUILT_PRODUCTS_DIR; };
		894DBC3F205040630020353F /* PrescriptionListViewController.storyboard */ = {isa = PBXFileReference; fileEncoding = 4; lastKnownFileType = file.storyboard; path = PrescriptionListViewController.storyboard; sourceTree = "<group>"; };
		894FEC0520696E8D00E48ECA /* MyDayTableSectionHeaderView.xib */ = {isa = PBXFileReference; lastKnownFileType = file.xib; path = MyDayTableSectionHeaderView.xib; sourceTree = "<group>"; };
		894FEC0720697F6A00E48ECA /* PrescriptionDisplayView.xib */ = {isa = PBXFileReference; lastKnownFileType = file.xib; path = PrescriptionDisplayView.xib; sourceTree = "<group>"; };
		894FEC092069804E00E48ECA /* PrescriptionDisplayView.swift */ = {isa = PBXFileReference; lastKnownFileType = sourcecode.swift; path = PrescriptionDisplayView.swift; sourceTree = "<group>"; };
		894FEC0B2069845800E48ECA /* NibLoaderViewExtension.swift */ = {isa = PBXFileReference; lastKnownFileType = sourcecode.swift; path = NibLoaderViewExtension.swift; sourceTree = "<group>"; };
		8951A917205992E50027076E /* Fax.swift */ = {isa = PBXFileReference; lastKnownFileType = sourcecode.swift; path = Fax.swift; sourceTree = "<group>"; };
		8951A919205B01F70027076E /* TestPage1.pdf */ = {isa = PBXFileReference; lastKnownFileType = image.pdf; path = TestPage1.pdf; sourceTree = "<group>"; };
		8951A91A205B01F70027076E /* TestPage2.pdf */ = {isa = PBXFileReference; lastKnownFileType = image.pdf; path = TestPage2.pdf; sourceTree = "<group>"; };
		8954AC5E204DCE1B00E97305 /* Models.swift */ = {isa = PBXFileReference; lastKnownFileType = sourcecode.swift; path = Models.swift; sourceTree = "<group>"; };
		896052BB20470B6400DF502C /* PrescriptionLineEntry.xib */ = {isa = PBXFileReference; lastKnownFileType = file.xib; path = PrescriptionLineEntry.xib; sourceTree = "<group>"; };
		896052BD20470D8900DF502C /* PrescriptionLineEntry.swift */ = {isa = PBXFileReference; lastKnownFileType = sourcecode.swift; path = PrescriptionLineEntry.swift; sourceTree = "<group>"; };
		896052C02047266D00DF502C /* PrescriptionEntryViewController.storyboard */ = {isa = PBXFileReference; fileEncoding = 4; lastKnownFileType = file.storyboard; path = PrescriptionEntryViewController.storyboard; sourceTree = "<group>"; };
		8964CC622049EDE00028AB21 /* PillDisplayLabel.swift */ = {isa = PBXFileReference; lastKnownFileType = sourcecode.swift; path = PillDisplayLabel.swift; sourceTree = "<group>"; };
		8970790C207E7C4F00A2CC11 /* IfNotNil.swift */ = {isa = PBXFileReference; lastKnownFileType = sourcecode.swift; path = IfNotNil.swift; sourceTree = "<group>"; };
		897223DE206C12CF0008F80A /* swiftgen.yml */ = {isa = PBXFileReference; lastKnownFileType = text; name = swiftgen.yml; path = ../swiftgen.yml; sourceTree = "<group>"; };
		8982757A206A86760058A6E8 /* DoctorEntryViewController.swift */ = {isa = PBXFileReference; lastKnownFileType = sourcecode.swift; path = DoctorEntryViewController.swift; sourceTree = "<group>"; };
		898BC939206139B4006ED4CF /* FaxGeneratedSwagger.swift */ = {isa = PBXFileReference; lastKnownFileType = sourcecode.swift; path = FaxGeneratedSwagger.swift; sourceTree = "<group>"; };
		898BC93B206139CA006ED4CF /* FaxHandRolled.swift */ = {isa = PBXFileReference; lastKnownFileType = sourcecode.swift; path = FaxHandRolled.swift; sourceTree = "<group>"; };
		898BC93D206139EB006ED4CF /* PhaxioObjcFaxProvider.swift */ = {isa = PBXFileReference; lastKnownFileType = sourcecode.swift; path = PhaxioObjcFaxProvider.swift; sourceTree = "<group>"; };
		898BC93F20614A4A006ED4CF /* InformationRelease.swift */ = {isa = PBXFileReference; lastKnownFileType = sourcecode.swift; path = InformationRelease.swift; sourceTree = "<group>"; };
		898BC945206196DA006ED4CF /* FaxableDocumentsViewController.swift */ = {isa = PBXFileReference; lastKnownFileType = sourcecode.swift; path = FaxableDocumentsViewController.swift; sourceTree = "<group>"; };
		8991A9B9208E4FEA00CCD703 /* SignatureViewController.swift */ = {isa = PBXFileReference; lastKnownFileType = sourcecode.swift; path = SignatureViewController.swift; sourceTree = "<group>"; };
		8991A9BB208E6BE300CCD703 /* NameViewController.swift */ = {isa = PBXFileReference; lastKnownFileType = sourcecode.swift; path = NameViewController.swift; sourceTree = "<group>"; };
		89987AB5207542D50057E685 /* FaxPreviewViewController.swift */ = {isa = PBXFileReference; lastKnownFileType = sourcecode.swift; path = FaxPreviewViewController.swift; sourceTree = "<group>"; };
		89987AB72075453F0057E685 /* PreviewUnavailable.pdf */ = {isa = PBXFileReference; lastKnownFileType = image.pdf; path = PreviewUnavailable.pdf; sourceTree = "<group>"; };
		89987AB920754C950057E685 /* SendToViewController.swift */ = {isa = PBXFileReference; lastKnownFileType = sourcecode.swift; path = SendToViewController.swift; sourceTree = "<group>"; };
		89987ABB20754F710057E685 /* RestrictionsViewController.swift */ = {isa = PBXFileReference; lastKnownFileType = sourcecode.swift; path = RestrictionsViewController.swift; sourceTree = "<group>"; };
		89A1EBBA20168F5D00C00F69 /* PrescriptionEntryViewController.swift */ = {isa = PBXFileReference; fileEncoding = 4; lastKnownFileType = sourcecode.swift; path = PrescriptionEntryViewController.swift; sourceTree = "<group>"; };
		89A5168C205879ED0069D9AE /* FaxableDocuments.storyboard */ = {isa = PBXFileReference; lastKnownFileType = file.storyboard; path = FaxableDocuments.storyboard; sourceTree = "<group>"; };
		89A5169220587AA90069D9AE /* DoctorList.storyboard */ = {isa = PBXFileReference; lastKnownFileType = file.storyboard; path = DoctorList.storyboard; sourceTree = "<group>"; };
		89B4E1D0204DE59000A09B27 /* UpcomingDay.storyboard */ = {isa = PBXFileReference; fileEncoding = 4; lastKnownFileType = file.storyboard; path = UpcomingDay.storyboard; sourceTree = "<group>"; };
		89B4E1D2204DEFC200A09B27 /* VLColors.swift */ = {isa = PBXFileReference; lastKnownFileType = sourcecode.swift; path = VLColors.swift; sourceTree = "<group>"; };
		89C66828206D7478004A0731 /* HelpViewController.storyboard */ = {isa = PBXFileReference; fileEncoding = 4; lastKnownFileType = file.storyboard; path = HelpViewController.storyboard; sourceTree = "<group>"; };
		89C6682A206D7ED8004A0731 /* VivaButtonA.swift */ = {isa = PBXFileReference; lastKnownFileType = sourcecode.swift; path = VivaButtonA.swift; sourceTree = "<group>"; };
		89C6682C206D807D004A0731 /* DoctorViewerViewController.swift */ = {isa = PBXFileReference; lastKnownFileType = sourcecode.swift; path = DoctorViewerViewController.swift; sourceTree = "<group>"; };
		89D783DB2051ACB5004F6110 /* KeychainAccess.framework */ = {isa = PBXFileReference; explicitFileType = wrapper.framework; path = KeychainAccess.framework; sourceTree = BUILT_PRODUCTS_DIR; };
		89F3D98B1FF6AC4F0081FA77 /* pm0.app */ = {isa = PBXFileReference; explicitFileType = wrapper.application; includeInIndex = 0; path = pm0.app; sourceTree = BUILT_PRODUCTS_DIR; };
		89F3D98E1FF6AC4F0081FA77 /* AppDelegate.swift */ = {isa = PBXFileReference; lastKnownFileType = sourcecode.swift; path = AppDelegate.swift; sourceTree = "<group>"; };
		89F3D9901FF6AC4F0081FA77 /* PrescriptionListViewController.swift */ = {isa = PBXFileReference; lastKnownFileType = sourcecode.swift; path = PrescriptionListViewController.swift; sourceTree = "<group>"; };
		89F3D9921FF6AC4F0081FA77 /* UpcomingDayViewController.swift */ = {isa = PBXFileReference; lastKnownFileType = sourcecode.swift; path = UpcomingDayViewController.swift; sourceTree = "<group>"; };
		89F3D9951FF6AC4F0081FA77 /* Base */ = {isa = PBXFileReference; lastKnownFileType = file.storyboard; name = Base; path = Base.lproj/Main.storyboard; sourceTree = "<group>"; };
		89F3D9971FF6AC4F0081FA77 /* Assets.xcassets */ = {isa = PBXFileReference; lastKnownFileType = folder.assetcatalog; path = Assets.xcassets; sourceTree = "<group>"; };
		89F3D99A1FF6AC4F0081FA77 /* Base */ = {isa = PBXFileReference; lastKnownFileType = file.storyboard; name = Base; path = Base.lproj/LaunchScreen.storyboard; sourceTree = "<group>"; };
		89F3D99C1FF6AC4F0081FA77 /* Info.plist */ = {isa = PBXFileReference; lastKnownFileType = text.plist.xml; path = Info.plist; sourceTree = "<group>"; };
		89F3D9A11FF6AC500081FA77 /* pm0Tests.xctest */ = {isa = PBXFileReference; explicitFileType = wrapper.cfbundle; includeInIndex = 0; path = pm0Tests.xctest; sourceTree = BUILT_PRODUCTS_DIR; };
		89F3D9A51FF6AC500081FA77 /* pm0Tests.swift */ = {isa = PBXFileReference; lastKnownFileType = sourcecode.swift; path = pm0Tests.swift; sourceTree = "<group>"; };
		89F3D9A71FF6AC500081FA77 /* Info.plist */ = {isa = PBXFileReference; lastKnownFileType = text.plist.xml; path = Info.plist; sourceTree = "<group>"; };
		89F4D0562072A3D700CC60E9 /* ScheduleList.swift */ = {isa = PBXFileReference; lastKnownFileType = sourcecode.swift; path = ScheduleList.swift; sourceTree = "<group>"; };
		89F4D0582072C7E300CC60E9 /* ScheduleDetailViewController.swift */ = {isa = PBXFileReference; lastKnownFileType = sourcecode.swift; path = ScheduleDetailViewController.swift; sourceTree = "<group>"; };
		89F4D05A2072DDC700CC60E9 /* TimeslotEditorViewController.swift */ = {isa = PBXFileReference; lastKnownFileType = sourcecode.swift; path = TimeslotEditorViewController.swift; sourceTree = "<group>"; };
		89F4D05C2073C2D600CC60E9 /* DatePickerViewController.swift */ = {isa = PBXFileReference; lastKnownFileType = sourcecode.swift; path = DatePickerViewController.swift; sourceTree = "<group>"; };
		89F9C44D20323EA50072FF7C /* FDADatabase.swift */ = {isa = PBXFileReference; lastKnownFileType = sourcecode.swift; path = FDADatabase.swift; sourceTree = "<group>"; };
		A30DB4441D0C7E3FCCFF377C /* Pods-pm0.debug.xcconfig */ = {isa = PBXFileReference; includeInIndex = 1; lastKnownFileType = text.xcconfig; name = "Pods-pm0.debug.xcconfig"; path = "Pods/Target Support Files/Pods-pm0/Pods-pm0.debug.xcconfig"; sourceTree = "<group>"; };
		EB0285C44E7FBEA9BBB1F248 /* Pods_pm0.framework */ = {isa = PBXFileReference; explicitFileType = wrapper.framework; includeInIndex = 0; path = Pods_pm0.framework; sourceTree = BUILT_PRODUCTS_DIR; };
/* End PBXFileReference section */

/* Begin PBXFrameworksBuildPhase section */
		89F3D9881FF6AC4F0081FA77 /* Frameworks */ = {
			isa = PBXFrameworksBuildPhase;
			buildActionMask = 2147483647;
			files = (
				89D783DA2051ACB5004F6110 /* KeychainAccess.framework in Frameworks */,
				49D7508004021DB8F5EE2728 /* Pods_pm0.framework in Frameworks */,
			);
			runOnlyForDeploymentPostprocessing = 0;
		};
		89F3D99E1FF6AC500081FA77 /* Frameworks */ = {
			isa = PBXFrameworksBuildPhase;
			buildActionMask = 2147483647;
			files = (
			);
			runOnlyForDeploymentPostprocessing = 0;
		};
/* End PBXFrameworksBuildPhase section */

/* Begin PBXGroup section */
		39229022DEB41306BFE9FC21 /* Pods */ = {
			isa = PBXGroup;
			children = (
				A30DB4441D0C7E3FCCFF377C /* Pods-pm0.debug.xcconfig */,
				35B9C2C23FA9874E99DB4672 /* Pods-pm0.release.xcconfig */,
			);
			name = Pods;
			sourceTree = "<group>";
		};
		56847C4877616541105AC1CF /* Frameworks */ = {
			isa = PBXGroup;
			children = (
				89D783DB2051ACB5004F6110 /* KeychainAccess.framework */,
				894092852051AAE700FA1B9F /* Keychain.framework */,
				EB0285C44E7FBEA9BBB1F248 /* Pods_pm0.framework */,
			);
			name = Frameworks;
			sourceTree = "<group>";
		};
		890D4258206C16A800C20F82 /* SwiftgenOutput */ = {
			isa = PBXGroup;
			children = (
				890D4259206C16A800C20F82 /* Assets.swift */,
			);
			path = SwiftgenOutput;
			sourceTree = "<group>";
		};
		894092832051A9C800FA1B9F /* DataStorage */ = {
			isa = PBXGroup;
			children = (
				894092812051A9C200FA1B9F /* LocalStorage.swift */,
			);
			path = DataStorage;
			sourceTree = "<group>";
		};
		894DBC3E205040460020353F /* Medications */ = {
			isa = PBXGroup;
			children = (
				899215202072929F008B30C9 /* RxList */,
				896052BF20470D9400DF502C /* RxAddEdit */,
			);
			path = Medications;
			sourceTree = "<group>";
		};
		8951A91D205B01FE0027076E /* TestPages */ = {
			isa = PBXGroup;
			children = (
				8951A919205B01F70027076E /* TestPage1.pdf */,
				8951A91A205B01F70027076E /* TestPage2.pdf */,
				8903B5CC205C7779002D6652 /* TestFaxToDS.pdf */,
				890422D120604BC000817EC2 /* FaxPNG1.png */,
				890422D32060509200817EC2 /* FaxJPG1.jpg */,
			);
			path = TestPages;
			sourceTree = "<group>";
		};
		896052BF20470D9400DF502C /* RxAddEdit */ = {
			isa = PBXGroup;
			children = (
				89A1EBBA20168F5D00C00F69 /* PrescriptionEntryViewController.swift */,
				890CD2FD20658538009DF10A /* RXEntryHelpText.swift */,
				89F4D0562072A3D700CC60E9 /* ScheduleList.swift */,
				89F4D0582072C7E300CC60E9 /* ScheduleDetailViewController.swift */,
				896052C02047266D00DF502C /* PrescriptionEntryViewController.storyboard */,
				89F4D05A2072DDC700CC60E9 /* TimeslotEditorViewController.swift */,
				89F4D05C2073C2D600CC60E9 /* DatePickerViewController.swift */,
			);
			path = RxAddEdit;
			sourceTree = "<group>";
		};
		8991A9BD208F73BC00CCD703 /* Actions */ = {
			isa = PBXGroup;
			children = (
				8951A917205992E50027076E /* Fax.swift */,
				898BC93D206139EB006ED4CF /* PhaxioObjcFaxProvider.swift */,
				898BC939206139B4006ED4CF /* FaxGeneratedSwagger.swift */,
				898BC93B206139CA006ED4CF /* FaxHandRolled.swift */,
			);
			path = Actions;
			sourceTree = "<group>";
		};
		899215202072929F008B30C9 /* RxList */ = {
			isa = PBXGroup;
			children = (
				894DBC3F205040630020353F /* PrescriptionListViewController.storyboard */,
				89F3D9901FF6AC4F0081FA77 /* PrescriptionListViewController.swift */,
			);
			name = RxList;
			sourceTree = "<group>";
		};
		89921521207292F8008B30C9 /* General */ = {
			isa = PBXGroup;
			children = (
				89F3D98E1FF6AC4F0081FA77 /* AppDelegate.swift */,
				89B4E1D2204DEFC200A09B27 /* VLColors.swift */,
				8954AC5E204DCE1B00E97305 /* Models.swift */,
				89F3D9941FF6AC4F0081FA77 /* Main.storyboard */,
				89C6682A206D7ED8004A0731 /* VivaButtonA.swift */,
				89F4D05520729B0A00CC60E9 /* HelpScreen */,
				89F4D05420729B0000CC60E9 /* EntryLine */,
				8970790C207E7C4F00A2CC11 /* IfNotNil.swift */,
			);
			path = General;
			sourceTree = "<group>";
		};
		89A5168E205879F50069D9AE /* Faxing */ = {
			isa = PBXGroup;
			children = (
				89A5168C205879ED0069D9AE /* FaxableDocuments.storyboard */,
				898BC945206196DA006ED4CF /* FaxableDocumentsViewController.swift */,
				89987AB920754C950057E685 /* SendToViewController.swift */,
				8991A9BB208E6BE300CCD703 /* NameViewController.swift */,
				89987ABB20754F710057E685 /* RestrictionsViewController.swift */,
				8991A9B9208E4FEA00CCD703 /* SignatureViewController.swift */,
				89987AB72075453F0057E685 /* PreviewUnavailable.pdf */,
				89987AB5207542D50057E685 /* FaxPreviewViewController.swift */,
				898BC93F20614A4A006ED4CF /* InformationRelease.swift */,
				8991A9BD208F73BC00CCD703 /* Actions */,
			);
			path = Faxing;
			sourceTree = "<group>";
		};
		89A5168F20587A4D0069D9AE /* Doctors */ = {
			isa = PBXGroup;
			children = (
				89A5169220587AA90069D9AE /* DoctorList.storyboard */,
				890CD2FF20658E35009DF10A /* DoctorListViewController.swift */,
				89C6682C206D807D004A0731 /* DoctorViewerViewController.swift */,
				8982757A206A86760058A6E8 /* DoctorEntryViewController.swift */,
			);
			path = Doctors;
			sourceTree = "<group>";
		};
		89B4E1CF204DE55F00A09B27 /* MyDay */ = {
			isa = PBXGroup;
			children = (
				89B4E1D0204DE59000A09B27 /* UpcomingDay.storyboard */,
				89F3D9921FF6AC4F0081FA77 /* UpcomingDayViewController.swift */,
				894FEC0520696E8D00E48ECA /* MyDayTableSectionHeaderView.xib */,
				894FEC0720697F6A00E48ECA /* PrescriptionDisplayView.xib */,
				894FEC092069804E00E48ECA /* PrescriptionDisplayView.swift */,
				894FEC0B2069845800E48ECA /* NibLoaderViewExtension.swift */,
				8964CC622049EDE00028AB21 /* PillDisplayLabel.swift */,
			);
			path = MyDay;
			sourceTree = "<group>";
		};
		89F3D9821FF6AC4F0081FA77 = {
			isa = PBXGroup;
			children = (
				89F3D98D1FF6AC4F0081FA77 /* pm0 */,
				89F3D9A41FF6AC500081FA77 /* pm0Tests */,
				89F3D98C1FF6AC4F0081FA77 /* Products */,
				39229022DEB41306BFE9FC21 /* Pods */,
				56847C4877616541105AC1CF /* Frameworks */,
			);
			sourceTree = "<group>";
		};
		89F3D98C1FF6AC4F0081FA77 /* Products */ = {
			isa = PBXGroup;
			children = (
				89F3D98B1FF6AC4F0081FA77 /* pm0.app */,
				89F3D9A11FF6AC500081FA77 /* pm0Tests.xctest */,
			);
			name = Products;
			sourceTree = "<group>";
		};
		89F3D98D1FF6AC4F0081FA77 /* pm0 */ = {
			isa = PBXGroup;
			children = (
				89921521207292F8008B30C9 /* General */,
				89B4E1CF204DE55F00A09B27 /* MyDay */,
				894DBC3E205040460020353F /* Medications */,
				89A5168F20587A4D0069D9AE /* Doctors */,
				89A5168E205879F50069D9AE /* Faxing */,
				89F3D9971FF6AC4F0081FA77 /* Assets.xcassets */,
				894092832051A9C800FA1B9F /* DataStorage */,
				89F9C44920323E760072FF7C /* FDA_DB */,
				89F3D9991FF6AC4F0081FA77 /* LaunchScreen.storyboard */,
				897223DE206C12CF0008F80A /* swiftgen.yml */,
				8951A91D205B01FE0027076E /* TestPages */,
				89F3D99C1FF6AC4F0081FA77 /* Info.plist */,
				890D4258206C16A800C20F82 /* SwiftgenOutput */,
			);
			path = pm0;
			sourceTree = "<group>";
		};
		89F3D9A41FF6AC500081FA77 /* pm0Tests */ = {
			isa = PBXGroup;
			children = (
				89F3D9A51FF6AC500081FA77 /* pm0Tests.swift */,
				89F3D9A71FF6AC500081FA77 /* Info.plist */,
			);
			path = pm0Tests;
			sourceTree = "<group>";
		};
		89F4D05420729B0000CC60E9 /* EntryLine */ = {
			isa = PBXGroup;
			children = (
				896052BD20470D8900DF502C /* PrescriptionLineEntry.swift */,
				896052BB20470B6400DF502C /* PrescriptionLineEntry.xib */,
			);
			path = EntryLine;
			sourceTree = "<group>";
		};
		89F4D05520729B0A00CC60E9 /* HelpScreen */ = {
			isa = PBXGroup;
			children = (
				89C66828206D7478004A0731 /* HelpViewController.storyboard */,
				890CD2FB206458DE009DF10A /* HelpViewController.swift */,
			);
			path = HelpScreen;
			sourceTree = "<group>";
		};
		89F9C44920323E760072FF7C /* FDA_DB */ = {
			isa = PBXGroup;
			children = (
				89F9C44D20323EA50072FF7C /* FDADatabase.swift */,
				89F9C44A20323E810072FF7C /* Generated */,
			);
			path = FDA_DB;
			sourceTree = "<group>";
		};
		89F9C44A20323E810072FF7C /* Generated */ = {
			isa = PBXGroup;
			children = (
				890242DF2033941C00B25E99 /* fda_drugs.db */,
			);
			path = Generated;
			sourceTree = "<group>";
		};
/* End PBXGroup section */

/* Begin PBXNativeTarget section */
		89F3D98A1FF6AC4F0081FA77 /* pm0 */ = {
			isa = PBXNativeTarget;
			buildConfigurationList = 89F3D9AA1FF6AC500081FA77 /* Build configuration list for PBXNativeTarget "pm0" */;
			buildPhases = (
				2FAE3E0A853F450A2DF8E530 /* [CP] Check Pods Manifest.lock */,
				897223DD206C128F0008F80A /* Generate Swiftgen Files for Assets */,
				89F3D9871FF6AC4F0081FA77 /* Sources */,
				89F3D9B01FF6ACE10081FA77 /* Set Build To Date Automatically */,
				89F3D9881FF6AC4F0081FA77 /* Frameworks */,
				89F3D9891FF6AC4F0081FA77 /* Resources */,
				89B685722052D12C00D2406E /* Zero Build Date to fix Source Control */,
				AC74CBD78C2439E962D213D3 /* [CP] Embed Pods Frameworks */,
				F95AC5C88A143134E69FE5C4 /* [CP] Copy Pods Resources */,
			);
			buildRules = (
			);
			dependencies = (
			);
			name = pm0;
			productName = pm0;
			productReference = 89F3D98B1FF6AC4F0081FA77 /* pm0.app */;
			productType = "com.apple.product-type.application";
		};
		89F3D9A01FF6AC500081FA77 /* pm0Tests */ = {
			isa = PBXNativeTarget;
			buildConfigurationList = 89F3D9AD1FF6AC500081FA77 /* Build configuration list for PBXNativeTarget "pm0Tests" */;
			buildPhases = (
				89F3D99D1FF6AC500081FA77 /* Sources */,
				89F3D99E1FF6AC500081FA77 /* Frameworks */,
				89F3D99F1FF6AC500081FA77 /* Resources */,
			);
			buildRules = (
			);
			dependencies = (
				89F3D9A31FF6AC500081FA77 /* PBXTargetDependency */,
			);
			name = pm0Tests;
			productName = pm0Tests;
			productReference = 89F3D9A11FF6AC500081FA77 /* pm0Tests.xctest */;
			productType = "com.apple.product-type.bundle.unit-test";
		};
/* End PBXNativeTarget section */

/* Begin PBXProject section */
		89F3D9831FF6AC4F0081FA77 /* Project object */ = {
			isa = PBXProject;
			attributes = {
				LastSwiftUpdateCheck = 0920;
				LastUpgradeCheck = 0920;
				ORGANIZATIONNAME = "Rowdy Labs";
				TargetAttributes = {
					89F3D98A1FF6AC4F0081FA77 = {
						CreatedOnToolsVersion = 9.2;
						ProvisioningStyle = Automatic;
					};
					89F3D9A01FF6AC500081FA77 = {
						CreatedOnToolsVersion = 9.2;
						ProvisioningStyle = Automatic;
						TestTargetID = 89F3D98A1FF6AC4F0081FA77;
					};
				};
			};
			buildConfigurationList = 89F3D9861FF6AC4F0081FA77 /* Build configuration list for PBXProject "pm0" */;
			compatibilityVersion = "Xcode 8.0";
			developmentRegion = en;
			hasScannedForEncodings = 0;
			knownRegions = (
				en,
				Base,
			);
			mainGroup = 89F3D9821FF6AC4F0081FA77;
			productRefGroup = 89F3D98C1FF6AC4F0081FA77 /* Products */;
			projectDirPath = "";
			projectRoot = "";
			targets = (
				89F3D98A1FF6AC4F0081FA77 /* pm0 */,
				89F3D9A01FF6AC500081FA77 /* pm0Tests */,
			);
		};
/* End PBXProject section */

/* Begin PBXResourcesBuildPhase section */
		89F3D9891FF6AC4F0081FA77 /* Resources */ = {
			isa = PBXResourcesBuildPhase;
			buildActionMask = 2147483647;
			files = (
				896052BC20470B6400DF502C /* PrescriptionLineEntry.xib in Resources */,
				89F3D99B1FF6AC4F0081FA77 /* LaunchScreen.storyboard in Resources */,
				894FEC0620696E8D00E48ECA /* MyDayTableSectionHeaderView.xib in Resources */,
				89F3D9981FF6AC4F0081FA77 /* Assets.xcassets in Resources */,
				89F3D9961FF6AC4F0081FA77 /* Main.storyboard in Resources */,
				890422D42060509200817EC2 /* FaxJPG1.jpg in Resources */,
				8951A91C205B01F80027076E /* TestPage2.pdf in Resources */,
				8951A91B205B01F80027076E /* TestPage1.pdf in Resources */,
				89B4E1D1204DE59000A09B27 /* UpcomingDay.storyboard in Resources */,
				890422D220604BC000817EC2 /* FaxPNG1.png in Resources */,
				89A5168D205879ED0069D9AE /* FaxableDocuments.storyboard in Resources */,
				894DBC40205040640020353F /* PrescriptionListViewController.storyboard in Resources */,
				896052C12047266D00DF502C /* PrescriptionEntryViewController.storyboard in Resources */,
				890242E02033941C00B25E99 /* fda_drugs.db in Resources */,
				89987AB82075453F0057E685 /* PreviewUnavailable.pdf in Resources */,
				89A5169320587AA90069D9AE /* DoctorList.storyboard in Resources */,
				894FEC0820697F6A00E48ECA /* PrescriptionDisplayView.xib in Resources */,
				89C66829206D7478004A0731 /* HelpViewController.storyboard in Resources */,
				8903B5CD205C777A002D6652 /* TestFaxToDS.pdf in Resources */,
			);
			runOnlyForDeploymentPostprocessing = 0;
		};
		89F3D99F1FF6AC500081FA77 /* Resources */ = {
			isa = PBXResourcesBuildPhase;
			buildActionMask = 2147483647;
			files = (
				890242E12033951000B25E99 /* fda_drugs.db in Resources */,
			);
			runOnlyForDeploymentPostprocessing = 0;
		};
/* End PBXResourcesBuildPhase section */

/* Begin PBXShellScriptBuildPhase section */
		2FAE3E0A853F450A2DF8E530 /* [CP] Check Pods Manifest.lock */ = {
			isa = PBXShellScriptBuildPhase;
			buildActionMask = 2147483647;
			files = (
			);
			inputPaths = (
				"${PODS_PODFILE_DIR_PATH}/Podfile.lock",
				"${PODS_ROOT}/Manifest.lock",
			);
			name = "[CP] Check Pods Manifest.lock";
			outputPaths = (
				"$(DERIVED_FILE_DIR)/Pods-pm0-checkManifestLockResult.txt",
			);
			runOnlyForDeploymentPostprocessing = 0;
			shellPath = /bin/sh;
			shellScript = "diff \"${PODS_PODFILE_DIR_PATH}/Podfile.lock\" \"${PODS_ROOT}/Manifest.lock\" > /dev/null\nif [ $? != 0 ] ; then\n    # print error to STDERR\n    echo \"error: The sandbox is not in sync with the Podfile.lock. Run 'pod install' or update your CocoaPods installation.\" >&2\n    exit 1\nfi\n# This output is used by Xcode 'outputs' to avoid re-running this script phase.\necho \"SUCCESS\" > \"${SCRIPT_OUTPUT_FILE_0}\"\n";
			showEnvVarsInLog = 0;
		};
		897223DD206C128F0008F80A /* Generate Swiftgen Files for Assets */ = {
			isa = PBXShellScriptBuildPhase;
			buildActionMask = 2147483647;
			files = (
			);
			inputPaths = (
			);
			name = "Generate Swiftgen Files for Assets";
			outputPaths = (
			);
			runOnlyForDeploymentPostprocessing = 0;
			shellPath = /bin/sh;
			shellScript = "\"$PODS_ROOT\"/SwiftGen/bin/swiftgen\n";
		};
		89B685722052D12C00D2406E /* Zero Build Date to fix Source Control */ = {
			isa = PBXShellScriptBuildPhase;
			buildActionMask = 2147483647;
			files = (
			);
			inputPaths = (
			);
			name = "Zero Build Date to fix Source Control";
			outputPaths = (
			);
			runOnlyForDeploymentPostprocessing = 0;
			shellPath = /bin/sh;
			shellScript = "##https://blog.curtisherbert.com/automated-xcode-build-numbers-late-2016-edition/\n\n/usr/libexec/PlistBuddy -c \"Set :CFBundleVersion 0\" \"${PRODUCT_SETTINGS_PATH}\"\necho \"Cleared build number in ${PRODUCT_SETTINGS_PATH}\"\n";
		};
		89F3D9B01FF6ACE10081FA77 /* Set Build To Date Automatically */ = {
			isa = PBXShellScriptBuildPhase;
			buildActionMask = 2147483647;
			files = (
			);
			inputPaths = (
			);
			name = "Set Build To Date Automatically";
			outputPaths = (
			);
			runOnlyForDeploymentPostprocessing = 0;
			shellPath = /bin/sh;
			shellScript = "timestamp() {\n    date -u +\"%y%m%d.%H%M\" #date in UTC\n}\n\nbuildNumber=$(/usr/libexec/PlistBuddy -c \"Print CFBundleVersion\" \"${PROJECT_DIR}/${INFOPLIST_FILE}\")\nbuildVersion=$(/usr/libexec/PlistBuddy -c \"Print CFBundleShortVersionString\" \"${PROJECT_DIR}/${INFOPLIST_FILE}\")\nbuildNumber=$(timestamp)\n/usr/libexec/PlistBuddy -c \"Set :CFBundleVersion $buildNumber\" \"${PROJECT_DIR}/${INFOPLIST_FILE}\"\n\necho \"Setting build number to $buildNumber\"\nbuildConfirmMessage=\"Version just built should be $buildVersion($buildNumber)\"\necho $buildConfirmMessage\n";
		};
		AC74CBD78C2439E962D213D3 /* [CP] Embed Pods Frameworks */ = {
			isa = PBXShellScriptBuildPhase;
			buildActionMask = 2147483647;
			files = (
			);
			inputPaths = (
				"${SRCROOT}/Pods/Target Support Files/Pods-pm0/Pods-pm0-frameworks.sh",
				"${BUILT_PRODUCTS_DIR}/DZNEmptyDataSet/DZNEmptyDataSet.framework",
				"${BUILT_PRODUCTS_DIR}/Down/Down.framework",
				"${BUILT_PRODUCTS_DIR}/KeychainAccess/KeychainAccess.framework",
				"${BUILT_PRODUCTS_DIR}/PDFGenerator/PDFGenerator.framework",
				"${BUILT_PRODUCTS_DIR}/PhaxioiOS/PhaxioiOS.framework",
				"${BUILT_PRODUCTS_DIR}/RNCryptor/RNCryptor.framework",
				"${BUILT_PRODUCTS_DIR}/SQLite.swift/SQLite.framework",
				"${BUILT_PRODUCTS_DIR}/SearchTextField/SearchTextField.framework",
				"${BUILT_PRODUCTS_DIR}/SwiftySignature/SwiftySignature.framework",
				"${BUILT_PRODUCTS_DIR}/Yams/Yams.framework",
			);
			name = "[CP] Embed Pods Frameworks";
			outputPaths = (
				"${TARGET_BUILD_DIR}/${FRAMEWORKS_FOLDER_PATH}/DZNEmptyDataSet.framework",
				"${TARGET_BUILD_DIR}/${FRAMEWORKS_FOLDER_PATH}/Down.framework",
				"${TARGET_BUILD_DIR}/${FRAMEWORKS_FOLDER_PATH}/KeychainAccess.framework",
				"${TARGET_BUILD_DIR}/${FRAMEWORKS_FOLDER_PATH}/PDFGenerator.framework",
				"${TARGET_BUILD_DIR}/${FRAMEWORKS_FOLDER_PATH}/PhaxioiOS.framework",
				"${TARGET_BUILD_DIR}/${FRAMEWORKS_FOLDER_PATH}/RNCryptor.framework",
				"${TARGET_BUILD_DIR}/${FRAMEWORKS_FOLDER_PATH}/SQLite.framework",
				"${TARGET_BUILD_DIR}/${FRAMEWORKS_FOLDER_PATH}/SearchTextField.framework",
				"${TARGET_BUILD_DIR}/${FRAMEWORKS_FOLDER_PATH}/SwiftySignature.framework",
				"${TARGET_BUILD_DIR}/${FRAMEWORKS_FOLDER_PATH}/Yams.framework",
			);
			runOnlyForDeploymentPostprocessing = 0;
			shellPath = /bin/sh;
			shellScript = "\"${SRCROOT}/Pods/Target Support Files/Pods-pm0/Pods-pm0-frameworks.sh\"\n";
			showEnvVarsInLog = 0;
		};
		F95AC5C88A143134E69FE5C4 /* [CP] Copy Pods Resources */ = {
			isa = PBXShellScriptBuildPhase;
			buildActionMask = 2147483647;
			files = (
			);
			inputPaths = (
			);
			name = "[CP] Copy Pods Resources";
			outputPaths = (
			);
			runOnlyForDeploymentPostprocessing = 0;
			shellPath = /bin/sh;
			shellScript = "\"${SRCROOT}/Pods/Target Support Files/Pods-pm0/Pods-pm0-resources.sh\"\n";
			showEnvVarsInLog = 0;
		};
/* End PBXShellScriptBuildPhase section */

/* Begin PBXSourcesBuildPhase section */
		89F3D9871FF6AC4F0081FA77 /* Sources */ = {
			isa = PBXSourcesBuildPhase;
			buildActionMask = 2147483647;
			files = (
				89B4E1D3204DEFC200A09B27 /* VLColors.swift in Sources */,
				890D425A206C16A800C20F82 /* Assets.swift in Sources */,
				89987ABA20754C950057E685 /* SendToViewController.swift in Sources */,
				89F4D0592072C7E300CC60E9 /* ScheduleDetailViewController.swift in Sources */,
				894FEC0C2069845800E48ECA /* NibLoaderViewExtension.swift in Sources */,
				894092822051A9C200FA1B9F /* LocalStorage.swift in Sources */,
				89987ABC20754F710057E685 /* RestrictionsViewController.swift in Sources */,
				8964CC632049EDE00028AB21 /* PillDisplayLabel.swift in Sources */,
				896052BE20470D8900DF502C /* PrescriptionLineEntry.swift in Sources */,
				8991A9BC208E6BE300CCD703 /* NameViewController.swift in Sources */,
				89F4D05D2073C2D600CC60E9 /* DatePickerViewController.swift in Sources */,
				89F3D9931FF6AC4F0081FA77 /* UpcomingDayViewController.swift in Sources */,
				89987AB6207542D50057E685 /* FaxPreviewViewController.swift in Sources */,
				89C6682B206D7ED8004A0731 /* VivaButtonA.swift in Sources */,
				8951A918205992E50027076E /* Fax.swift in Sources */,
				898BC946206196DA006ED4CF /* FaxableDocumentsViewController.swift in Sources */,
				8970790D207E7C4F00A2CC11 /* IfNotNil.swift in Sources */,
				8954AC5F204DCE1B00E97305 /* Models.swift in Sources */,
				894FEC0A2069804E00E48ECA /* PrescriptionDisplayView.swift in Sources */,
				89F4D0572072A3D700CC60E9 /* ScheduleList.swift in Sources */,
				89F3D98F1FF6AC4F0081FA77 /* AppDelegate.swift in Sources */,
				89C6682D206D807D004A0731 /* DoctorViewerViewController.swift in Sources */,
				89F9C44E20323EA50072FF7C /* FDADatabase.swift in Sources */,
				890CD2FE20658538009DF10A /* RXEntryHelpText.swift in Sources */,
				898BC94020614A4A006ED4CF /* InformationRelease.swift in Sources */,
				890CD2FC206458DE009DF10A /* HelpViewController.swift in Sources */,
				89F3D9911FF6AC4F0081FA77 /* PrescriptionListViewController.swift in Sources */,
				890CD30020658E35009DF10A /* DoctorListViewController.swift in Sources */,
				898BC93A206139B4006ED4CF /* FaxGeneratedSwagger.swift in Sources */,
				8991A9BA208E4FEA00CCD703 /* SignatureViewController.swift in Sources */,
				8982757B206A86760058A6E8 /* DoctorEntryViewController.swift in Sources */,
				89F4D05B2072DDC700CC60E9 /* TimeslotEditorViewController.swift in Sources */,
				898BC93E206139EB006ED4CF /* PhaxioObjcFaxProvider.swift in Sources */,
				89A1EBBB20168F5D00C00F69 /* PrescriptionEntryViewController.swift in Sources */,
				898BC93C206139CA006ED4CF /* FaxHandRolled.swift in Sources */,
			);
			runOnlyForDeploymentPostprocessing = 0;
		};
		89F3D99D1FF6AC500081FA77 /* Sources */ = {
			isa = PBXSourcesBuildPhase;
			buildActionMask = 2147483647;
			files = (
				89F3D9A61FF6AC500081FA77 /* pm0Tests.swift in Sources */,
			);
			runOnlyForDeploymentPostprocessing = 0;
		};
/* End PBXSourcesBuildPhase section */

/* Begin PBXTargetDependency section */
		89F3D9A31FF6AC500081FA77 /* PBXTargetDependency */ = {
			isa = PBXTargetDependency;
			target = 89F3D98A1FF6AC4F0081FA77 /* pm0 */;
			targetProxy = 89F3D9A21FF6AC500081FA77 /* PBXContainerItemProxy */;
		};
/* End PBXTargetDependency section */

/* Begin PBXVariantGroup section */
		89F3D9941FF6AC4F0081FA77 /* Main.storyboard */ = {
			isa = PBXVariantGroup;
			children = (
				89F3D9951FF6AC4F0081FA77 /* Base */,
			);
			name = Main.storyboard;
			sourceTree = "<group>";
		};
		89F3D9991FF6AC4F0081FA77 /* LaunchScreen.storyboard */ = {
			isa = PBXVariantGroup;
			children = (
				89F3D99A1FF6AC4F0081FA77 /* Base */,
			);
			name = LaunchScreen.storyboard;
			sourceTree = "<group>";
		};
/* End PBXVariantGroup section */

/* Begin XCBuildConfiguration section */
		89F3D9A81FF6AC500081FA77 /* Debug */ = {
			isa = XCBuildConfiguration;
			buildSettings = {
				ALWAYS_SEARCH_USER_PATHS = NO;
				CLANG_ANALYZER_NONNULL = YES;
				CLANG_ANALYZER_NUMBER_OBJECT_CONVERSION = YES_AGGRESSIVE;
				CLANG_CXX_LANGUAGE_STANDARD = "gnu++14";
				CLANG_CXX_LIBRARY = "libc++";
				CLANG_ENABLE_MODULES = YES;
				CLANG_ENABLE_OBJC_ARC = YES;
				CLANG_WARN_BLOCK_CAPTURE_AUTORELEASING = YES;
				CLANG_WARN_BOOL_CONVERSION = YES;
				CLANG_WARN_COMMA = YES;
				CLANG_WARN_CONSTANT_CONVERSION = YES;
				CLANG_WARN_DIRECT_OBJC_ISA_USAGE = YES_ERROR;
				CLANG_WARN_DOCUMENTATION_COMMENTS = YES;
				CLANG_WARN_EMPTY_BODY = YES;
				CLANG_WARN_ENUM_CONVERSION = YES;
				CLANG_WARN_INFINITE_RECURSION = YES;
				CLANG_WARN_INT_CONVERSION = YES;
				CLANG_WARN_NON_LITERAL_NULL_CONVERSION = YES;
				CLANG_WARN_OBJC_LITERAL_CONVERSION = YES;
				CLANG_WARN_OBJC_ROOT_CLASS = YES_ERROR;
				CLANG_WARN_RANGE_LOOP_ANALYSIS = YES;
				CLANG_WARN_STRICT_PROTOTYPES = YES;
				CLANG_WARN_SUSPICIOUS_MOVE = YES;
				CLANG_WARN_UNGUARDED_AVAILABILITY = YES_AGGRESSIVE;
				CLANG_WARN_UNREACHABLE_CODE = YES;
				CLANG_WARN__DUPLICATE_METHOD_MATCH = YES;
				CODE_SIGN_IDENTITY = "iPhone Developer";
				COPY_PHASE_STRIP = NO;
				DEBUG_INFORMATION_FORMAT = dwarf;
				ENABLE_STRICT_OBJC_MSGSEND = YES;
				ENABLE_TESTABILITY = YES;
				GCC_C_LANGUAGE_STANDARD = gnu11;
				GCC_DYNAMIC_NO_PIC = NO;
				GCC_NO_COMMON_BLOCKS = YES;
				GCC_OPTIMIZATION_LEVEL = 0;
				GCC_PREPROCESSOR_DEFINITIONS = (
					"DEBUG=1",
					"$(inherited)",
				);
				GCC_WARN_64_TO_32_BIT_CONVERSION = YES;
				GCC_WARN_ABOUT_RETURN_TYPE = YES_ERROR;
				GCC_WARN_UNDECLARED_SELECTOR = YES;
				GCC_WARN_UNINITIALIZED_AUTOS = YES_AGGRESSIVE;
				GCC_WARN_UNUSED_FUNCTION = YES;
				GCC_WARN_UNUSED_VARIABLE = YES;
				IPHONEOS_DEPLOYMENT_TARGET = 11.2;
				MTL_ENABLE_DEBUG_INFO = YES;
				ONLY_ACTIVE_ARCH = YES;
				SDKROOT = iphoneos;
				SWIFT_ACTIVE_COMPILATION_CONDITIONS = DEBUG;
				SWIFT_OPTIMIZATION_LEVEL = "-Onone";
			};
			name = Debug;
		};
		89F3D9A91FF6AC500081FA77 /* Release */ = {
			isa = XCBuildConfiguration;
			buildSettings = {
				ALWAYS_SEARCH_USER_PATHS = NO;
				CLANG_ANALYZER_NONNULL = YES;
				CLANG_ANALYZER_NUMBER_OBJECT_CONVERSION = YES_AGGRESSIVE;
				CLANG_CXX_LANGUAGE_STANDARD = "gnu++14";
				CLANG_CXX_LIBRARY = "libc++";
				CLANG_ENABLE_MODULES = YES;
				CLANG_ENABLE_OBJC_ARC = YES;
				CLANG_WARN_BLOCK_CAPTURE_AUTORELEASING = YES;
				CLANG_WARN_BOOL_CONVERSION = YES;
				CLANG_WARN_COMMA = YES;
				CLANG_WARN_CONSTANT_CONVERSION = YES;
				CLANG_WARN_DIRECT_OBJC_ISA_USAGE = YES_ERROR;
				CLANG_WARN_DOCUMENTATION_COMMENTS = YES;
				CLANG_WARN_EMPTY_BODY = YES;
				CLANG_WARN_ENUM_CONVERSION = YES;
				CLANG_WARN_INFINITE_RECURSION = YES;
				CLANG_WARN_INT_CONVERSION = YES;
				CLANG_WARN_NON_LITERAL_NULL_CONVERSION = YES;
				CLANG_WARN_OBJC_LITERAL_CONVERSION = YES;
				CLANG_WARN_OBJC_ROOT_CLASS = YES_ERROR;
				CLANG_WARN_RANGE_LOOP_ANALYSIS = YES;
				CLANG_WARN_STRICT_PROTOTYPES = YES;
				CLANG_WARN_SUSPICIOUS_MOVE = YES;
				CLANG_WARN_UNGUARDED_AVAILABILITY = YES_AGGRESSIVE;
				CLANG_WARN_UNREACHABLE_CODE = YES;
				CLANG_WARN__DUPLICATE_METHOD_MATCH = YES;
				CODE_SIGN_IDENTITY = "iPhone Developer";
				COPY_PHASE_STRIP = NO;
				DEBUG_INFORMATION_FORMAT = "dwarf-with-dsym";
				ENABLE_NS_ASSERTIONS = NO;
				ENABLE_STRICT_OBJC_MSGSEND = YES;
				GCC_C_LANGUAGE_STANDARD = gnu11;
				GCC_NO_COMMON_BLOCKS = YES;
				GCC_WARN_64_TO_32_BIT_CONVERSION = YES;
				GCC_WARN_ABOUT_RETURN_TYPE = YES_ERROR;
				GCC_WARN_UNDECLARED_SELECTOR = YES;
				GCC_WARN_UNINITIALIZED_AUTOS = YES_AGGRESSIVE;
				GCC_WARN_UNUSED_FUNCTION = YES;
				GCC_WARN_UNUSED_VARIABLE = YES;
				IPHONEOS_DEPLOYMENT_TARGET = 11.2;
				MTL_ENABLE_DEBUG_INFO = NO;
				SDKROOT = iphoneos;
				SWIFT_OPTIMIZATION_LEVEL = "-Owholemodule";
				VALIDATE_PRODUCT = YES;
			};
			name = Release;
		};
		89F3D9AB1FF6AC500081FA77 /* Debug */ = {
			isa = XCBuildConfiguration;
			baseConfigurationReference = A30DB4441D0C7E3FCCFF377C /* Pods-pm0.debug.xcconfig */;
			buildSettings = {
				ASSETCATALOG_COMPILER_APPICON_NAME = AppIcon;
				CODE_SIGN_STYLE = Automatic;
				DEVELOPMENT_TEAM = 3ZXVY76UF8;
				INFOPLIST_FILE = pm0/Info.plist;
				LD_RUNPATH_SEARCH_PATHS = "$(inherited) @executable_path/Frameworks";
				PRODUCT_BUNDLE_IDENTIFIER = com.vivalife.products.pm0;
				PRODUCT_NAME = "$(TARGET_NAME)";
				SWIFT_VERSION = 4.0;
				TARGETED_DEVICE_FAMILY = 1;
			};
			name = Debug;
		};
		89F3D9AC1FF6AC500081FA77 /* Release */ = {
			isa = XCBuildConfiguration;
			baseConfigurationReference = 35B9C2C23FA9874E99DB4672 /* Pods-pm0.release.xcconfig */;
			buildSettings = {
				ASSETCATALOG_COMPILER_APPICON_NAME = AppIcon;
				CODE_SIGN_STYLE = Automatic;
				DEVELOPMENT_TEAM = 3ZXVY76UF8;
				INFOPLIST_FILE = pm0/Info.plist;
				LD_RUNPATH_SEARCH_PATHS = "$(inherited) @executable_path/Frameworks";
				PRODUCT_BUNDLE_IDENTIFIER = com.vivalife.products.pm0;
				PRODUCT_NAME = "$(TARGET_NAME)";
				SWIFT_VERSION = 4.0;
				TARGETED_DEVICE_FAMILY = 1;
			};
			name = Release;
		};
		89F3D9AE1FF6AC500081FA77 /* Debug */ = {
			isa = XCBuildConfiguration;
			buildSettings = {
				ALWAYS_EMBED_SWIFT_STANDARD_LIBRARIES = YES;
				BUNDLE_LOADER = "$(TEST_HOST)";
				CODE_SIGN_STYLE = Automatic;
				DEVELOPMENT_TEAM = 3ZXVY76UF8;
				INFOPLIST_FILE = pm0Tests/Info.plist;
				LD_RUNPATH_SEARCH_PATHS = "$(inherited) @executable_path/Frameworks @loader_path/Frameworks";
				PRODUCT_BUNDLE_IDENTIFIER = com.vivalife.products.pm0Tests;
				PRODUCT_NAME = "$(TARGET_NAME)";
				SWIFT_VERSION = 4.0;
				TARGETED_DEVICE_FAMILY = "1,2";
				TEST_HOST = "$(BUILT_PRODUCTS_DIR)/pm0.app/pm0";
			};
			name = Debug;
		};
		89F3D9AF1FF6AC500081FA77 /* Release */ = {
			isa = XCBuildConfiguration;
			buildSettings = {
				ALWAYS_EMBED_SWIFT_STANDARD_LIBRARIES = YES;
				BUNDLE_LOADER = "$(TEST_HOST)";
				CODE_SIGN_STYLE = Automatic;
				DEVELOPMENT_TEAM = 3ZXVY76UF8;
				INFOPLIST_FILE = pm0Tests/Info.plist;
				LD_RUNPATH_SEARCH_PATHS = "$(inherited) @executable_path/Frameworks @loader_path/Frameworks";
				PRODUCT_BUNDLE_IDENTIFIER = com.vivalife.products.pm0Tests;
				PRODUCT_NAME = "$(TARGET_NAME)";
				SWIFT_VERSION = 4.0;
				TARGETED_DEVICE_FAMILY = "1,2";
				TEST_HOST = "$(BUILT_PRODUCTS_DIR)/pm0.app/pm0";
			};
			name = Release;
		};
/* End XCBuildConfiguration section */

/* Begin XCConfigurationList section */
		89F3D9861FF6AC4F0081FA77 /* Build configuration list for PBXProject "pm0" */ = {
			isa = XCConfigurationList;
			buildConfigurations = (
				89F3D9A81FF6AC500081FA77 /* Debug */,
				89F3D9A91FF6AC500081FA77 /* Release */,
			);
			defaultConfigurationIsVisible = 0;
			defaultConfigurationName = Release;
		};
		89F3D9AA1FF6AC500081FA77 /* Build configuration list for PBXNativeTarget "pm0" */ = {
			isa = XCConfigurationList;
			buildConfigurations = (
				89F3D9AB1FF6AC500081FA77 /* Debug */,
				89F3D9AC1FF6AC500081FA77 /* Release */,
			);
			defaultConfigurationIsVisible = 0;
			defaultConfigurationName = Release;
		};
		89F3D9AD1FF6AC500081FA77 /* Build configuration list for PBXNativeTarget "pm0Tests" */ = {
			isa = XCConfigurationList;
			buildConfigurations = (
				89F3D9AE1FF6AC500081FA77 /* Debug */,
				89F3D9AF1FF6AC500081FA77 /* Release */,
			);
			defaultConfigurationIsVisible = 0;
			defaultConfigurationName = Release;
		};
/* End XCConfigurationList section */
	};
	rootObject = 89F3D9831FF6AC4F0081FA77 /* Project object */;
}
